github.com/bitcoinsv/bsvd v0.0.0-20190609155523-4c29707f7173 h1:2yTIV9u7H0BhRDGXH5xrAwAz7XibWJtX2dNezMeNsUo=
github.com/bitcoinsv/bsvd v0.0.0-20190609155523-4c29707f7173/go.mod h1:BZ1UcC9+tmcDEcdVXgpt13hMczwJxWzpAn68wNs7zRA=
github.com/mrz1836/go-sanitize v1.1.1 h1:FrrFU8Uatf2G8e0rGWn168mAaxwQyDr79s0STa34vCg=
github.com/mrz1836/go-sanitize v1.1.1/go.mod h1:PGBz3ysq/oO/Mt1fVWfScpnRLFLtHKT6bxRKfK3JR1U=
